// !$*UTF8*$!
{
	archiveVersion = 1;
	classes = {
	};
	objectVersion = 77;
	objects = {

/* Begin PBXBuildFile section */
		01B8068B2752804ACE469A69 /* FetchDishShareExtension.appex in Embed Foundation Extensions */ = {isa = PBXBuildFile; fileRef = FF9AD4935E73053EA91D0D2D /* FetchDishShareExtension.appex */; platformFilters = (ios, ); settings = {ATTRIBUTES = (CodeSignOnCopy, RemoveHeadersOnCopy, ); }; };
		02820FDD974D4DD845A8B27C /* Preview Assets.xcassets in Resources */ = {isa = PBXBuildFile; fileRef = 93E4A715F7BF5A0139A31760 /* Preview Assets.xcassets */; };
		0546D76B6A3BBD77F15F7F32 /* Assets.xcassets in Resources */ = {isa = PBXBuildFile; fileRef = F41F280CDABED29E9F6B49B2 /* Assets.xcassets */; };
		09230D095F803F60F8D03992 /* pre-push.sample in Resources */ = {isa = PBXBuildFile; fileRef = 4B5C2B1938D2BC359251F76E /* pre-push.sample */; };
		0CC5CF52B03F9C69661BE0CC /* SplashView.swift in Sources */ = {isa = PBXBuildFile; fileRef = 77C07D885F0F16C9AD86A00E /* SplashView.swift */; };
		0DDF7DBBE42540234A276A93 /* ManualRecipeEntryView.swift in Sources */ = {isa = PBXBuildFile; fileRef = 27D42FF980798ECBD7B85B0F /* ManualRecipeEntryView.swift */; };
		0F166549BD62A2DC80C6942C /* RecipeCardView.swift in Sources */ = {isa = PBXBuildFile; fileRef = D0C771D6439E8CC0D70DF45E /* RecipeCardView.swift */; };
		11F9A69B9120645097927AC8 /* IngredientWeightDatabase.swift in Sources */ = {isa = PBXBuildFile; fileRef = 0A7955B8526242E3AE7D02CF /* IngredientWeightDatabase.swift */; };
		1C0578784A7864ADFCD2B11B /* ShoppingListView.swift in Sources */ = {isa = PBXBuildFile; fileRef = 3944969A0D8D20C2F71D2174 /* ShoppingListView.swift */; };
		1CB91DA22FD620C603B97826 /* Recipe.swift in Sources */ = {isa = PBXBuildFile; fileRef = 10A4920008148DF85EB7A301 /* Recipe.swift */; };
		210426F2DF7C59F6D6495080 /* RecipeParser.swift in Sources */ = {isa = PBXBuildFile; fileRef = 1D7F3F6E738BA02ABB86AA0B /* RecipeParser.swift */; };
		2491F1D26A9A7EE8FCF686A4 /* pre-commit.sample in Resources */ = {isa = PBXBuildFile; fileRef = DA7C00FD64715CE4831AC3C8 /* pre-commit.sample */; };
		24C5322E40DAEFA272C8F11A /* IngredientCategorizer.swift in Sources */ = {isa = PBXBuildFile; fileRef = E080B7AFE27955EAFB129720 /* IngredientCategorizer.swift */; };
		2EEB2ED874E1462152A424C5 /* ShareView.swift in Sources */ = {isa = PBXBuildFile; fileRef = 82599634B2A750956A652CFD /* ShareView.swift */; };
		31C43D7887460AE43088AEFD /* ArrayExtensions.swift in Sources */ = {isa = PBXBuildFile; fileRef = AFEBA63AF8FD08FA20AA4F57 /* ArrayExtensions.swift */; };
		33AF77B8F82764948532A58B /* RecipeMetadata.swift in Sources */ = {isa = PBXBuildFile; fileRef = 914EE52A1364D6929F279EB7 /* RecipeMetadata.swift */; };
		38FF54145F92AC3CE3E087D7 /* ShelfRowView.swift in Sources */ = {isa = PBXBuildFile; fileRef = 0E11C5741331DD10D7D05068 /* ShelfRowView.swift */; };
		3B05D48E7271BF88173DB151 /* pre-applypatch.sample in Resources */ = {isa = PBXBuildFile; fileRef = 6CBEF0CBB236F277CEF30E9F /* pre-applypatch.sample */; };
		3C9CF89D62386FB63A13B7F4 /* post-update.sample in Resources */ = {isa = PBXBuildFile; fileRef = 72FDD33FF414EAAC0A989060 /* post-update.sample */; };
		43CFD2EF98E125A9C1B915E9 /* prepare-commit-msg.sample in Resources */ = {isa = PBXBuildFile; fileRef = DD3440B9744A64274016753E /* prepare-commit-msg.sample */; };
		43E9EE9455A16618A2B08129 /* ContentView.swift in Sources */ = {isa = PBXBuildFile; fileRef = AFEB34FCB9C4E84335F85FFC /* ContentView.swift */; };
		44E5898248C115224AA43797 /* RecipeImportViewModel.swift in Sources */ = {isa = PBXBuildFile; fileRef = 775A18A77339599039637880 /* RecipeImportViewModel.swift */; };
		5267A402AE0BC108F63A6537 /* ProStatus.swift in Sources */ = {isa = PBXBuildFile; fileRef = AA219F3B4C5D71140DC60E24 /* ProStatus.swift */; };
		5D6FCD30E4D7DD9AC4A2B60E /* FavoriteIngredient.swift in Sources */ = {isa = PBXBuildFile; fileRef = AE78BF76CA58E48153BC8C9F /* FavoriteIngredient.swift */; };
		6361F07AE9456E485D425C3C /* ProfileView.swift in Sources */ = {isa = PBXBuildFile; fileRef = 01E3831DD96C4AD5355E5426 /* ProfileView.swift */; };
		636FE3564312CFC4716B2DF2 /* MainMenuView.swift in Sources */ = {isa = PBXBuildFile; fileRef = D81A2E1FCF120960B47FBD22 /* MainMenuView.swift */; };
		64508090E3574E269932B128 /* commit-msg.sample in Resources */ = {isa = PBXBuildFile; fileRef = B4214CA7BD069B11608C65BC /* commit-msg.sample */; };
		666D48AD5A074EC6F698DEB6 /* ExportImportService.swift in Sources */ = {isa = PBXBuildFile; fileRef = 028B5A80E162A9CE2FF7FCCD /* ExportImportService.swift */; };
		68D8F63D5C8E5DB9BCDAFAA3 /* push-to-checkout.sample in Resources */ = {isa = PBXBuildFile; fileRef = A69C2A7214D3ABE1DE332050 /* push-to-checkout.sample */; };
		6C71670A4C3D119AB3EAB6E6 /* UserAllergen.swift in Sources */ = {isa = PBXBuildFile; fileRef = 765ECDD9A6D0DBC1D39A4EDD /* UserAllergen.swift */; };
		76BCF776ABCEEE7007961AC4 /* FavoriteIngredient.swift in Sources */ = {isa = PBXBuildFile; fileRef = AE78BF76CA58E48153BC8C9F /* FavoriteIngredient.swift */; };
		7A1A54DD95C71C3BE12D0A04 /* ShoppingListItem.swift in Sources */ = {isa = PBXBuildFile; fileRef = F8CA860A693AD29C7D5868F5 /* ShoppingListItem.swift */; };
		7F0A4E538BF73711A361EB9B /* applypatch-msg.sample in Resources */ = {isa = PBXBuildFile; fileRef = 27DED8E669B3986D0075E4C2 /* applypatch-msg.sample */; };
		8485EB9BAAACFB0EB71C5DD1 /* SwiftSoup in Frameworks */ = {isa = PBXBuildFile; productRef = 510AC126FD903D30EA073192 /* SwiftSoup */; };
		877C56BAA1AE512CAD066FB1 /* ShoppingListViewModel.swift in Sources */ = {isa = PBXBuildFile; fileRef = 4B22849134530CBC7E42AE7B /* ShoppingListViewModel.swift */; };
		8B74EC9FDAE34CBAAF17A2BD /* IngredientParser.swift in Sources */ = {isa = PBXBuildFile; fileRef = 0FD6511FB0316C54AF262DA4 /* IngredientParser.swift */; };
		914CE48B088237AFF38E601A /* RecipeParser.swift in Sources */ = {isa = PBXBuildFile; fileRef = 1D7F3F6E738BA02ABB86AA0B /* RecipeParser.swift */; };
		948DF58C74F53AD3FDB690DC /* Recipe.swift in Sources */ = {isa = PBXBuildFile; fileRef = 10A4920008148DF85EB7A301 /* Recipe.swift */; };
		9CC36DAAD224070132004AAD /* WhatCanICookView.swift in Sources */ = {isa = PBXBuildFile; fileRef = AE3C273E20D772C6CA34F4DB /* WhatCanICookView.swift */; };
		A0E42831B89D759ECDB599EA /* SharedModelContainer.swift in Sources */ = {isa = PBXBuildFile; fileRef = B189B4CF1871A3048D5DB89B /* SharedModelContainer.swift */; };
		B3DA795C5D9EB46E304CAD6A /* update.sample in Resources */ = {isa = PBXBuildFile; fileRef = 15B33EF1EDFE15119696AD50 /* update.sample */; };
		B42092DE34E7602CB740C177 /* RecipePreviewSheet.swift in Sources */ = {isa = PBXBuildFile; fileRef = A30F5BE42B5B6F1F214C875E /* RecipePreviewSheet.swift */; };
		B6DEFC9C31FEE17744650255 /* HapticManager.swift in Sources */ = {isa = PBXBuildFile; fileRef = 74D8608373D808C3858D72D1 /* HapticManager.swift */; };
		B70077416273EDD1ED4731EB /* SharedModelContainer.swift in Sources */ = {isa = PBXBuildFile; fileRef = B189B4CF1871A3048D5DB89B /* SharedModelContainer.swift */; };
		B85C1483DFE9132115C673CD /* ToastView.swift in Sources */ = {isa = PBXBuildFile; fileRef = 73FF75837785C797F205E147 /* ToastView.swift */; };
		BCE657212C23AAA9B9A50F2F /* pre-receive.sample in Resources */ = {isa = PBXBuildFile; fileRef = 54D22C159A02DC70DA16DA05 /* pre-receive.sample */; };
		BCEF3D7911159935E6596DE4 /* SettingsView.swift in Sources */ = {isa = PBXBuildFile; fileRef = 5CC3D3DF3425F590659D06D1 /* SettingsView.swift */; };
		BCFF4519F481964590E1D773 /* UserAllergen.swift in Sources */ = {isa = PBXBuildFile; fileRef = 765ECDD9A6D0DBC1D39A4EDD /* UserAllergen.swift */; };
		C5A24E92946D59436978CEE5 /* sendemail-validate.sample in Resources */ = {isa = PBXBuildFile; fileRef = 64066B4F26FC0A5D0D0B49EC /* sendemail-validate.sample */; };
		C84E309E0784A5E7FC800490 /* ShareViewController.swift in Sources */ = {isa = PBXBuildFile; fileRef = 11D7F0080EEB38467CA243FC /* ShareViewController.swift */; };
		C90AF1A436DE15C15C3BE639 /* IngredientParser.swift in Sources */ = {isa = PBXBuildFile; fileRef = 0FD6511FB0316C54AF262DA4 /* IngredientParser.swift */; };
		CF922ECFD9F544D770552E9C /* RecipeDetailView.swift in Sources */ = {isa = PBXBuildFile; fileRef = 5220406B720B93D678BCEF73 /* RecipeDetailView.swift */; };
		D09B5F727718AD8CCBCEB2FD /* FetchDishApp.swift in Sources */ = {isa = PBXBuildFile; fileRef = 4499216E67E7F8D63CFF614D /* FetchDishApp.swift */; };
		D0EE8B60A42D2638722A1DCB /* pre-rebase.sample in Resources */ = {isa = PBXBuildFile; fileRef = C9056F67727E8489C3F18D90 /* pre-rebase.sample */; };
		D8914C2674A3AEE993611400 /* UserDietaryPreference.swift in Sources */ = {isa = PBXBuildFile; fileRef = 89FCDCCBEB1A2E498C44A2B8 /* UserDietaryPreference.swift */; };
		D9C0343F0F4F1BF07B7DFB6F /* fsmonitor-watchman.sample in Resources */ = {isa = PBXBuildFile; fileRef = 4C707457362946215B8CF0D2 /* fsmonitor-watchman.sample */; };
		DF9784A4958079A7ADF2996E /* ShoppingListItem.swift in Sources */ = {isa = PBXBuildFile; fileRef = F8CA860A693AD29C7D5868F5 /* ShoppingListItem.swift */; };
		E28D6FE8BED55AEC9DA119E5 /* UserDietaryPreference.swift in Sources */ = {isa = PBXBuildFile; fileRef = 89FCDCCBEB1A2E498C44A2B8 /* UserDietaryPreference.swift */; };
		EE4F25F785B6C6933176A6F1 /* pre-merge-commit.sample in Resources */ = {isa = PBXBuildFile; fileRef = 6A16E1442B4D33F3FEA1D0EF /* pre-merge-commit.sample */; };
		EEBEA275FA4D77E2191E7B10 /* ImportView.swift in Sources */ = {isa = PBXBuildFile; fileRef = 86E40CC8D498B29008CF077D /* ImportView.swift */; };
		EF4F6DD6FC524187693FA5CE /* SwiftSoup in Frameworks */ = {isa = PBXBuildFile; productRef = EC7979E261D76F7AC781ABDD /* SwiftSoup */; };
		F5A3BD97C7DCDF1FD873D18C /* LibraryView.swift in Sources */ = {isa = PBXBuildFile; fileRef = E0BC0079802BA5F06C3779B8 /* LibraryView.swift */; };
/* End PBXBuildFile section */

/* Begin PBXContainerItemProxy section */
		AF72D24191554160F67C329C /* PBXContainerItemProxy */ = {
			isa = PBXContainerItemProxy;
			containerPortal = 996964A9617D77660ACBD398 /* Project object */;
			proxyType = 1;
			remoteGlobalIDString = E694CD4BB4616F3D1F78D976;
			remoteInfo = FetchDishShareExtension;
		};
/* End PBXContainerItemProxy section */

/* Begin PBXCopyFilesBuildPhase section */
		F74C1B835190D4F60F684130 /* Embed Foundation Extensions */ = {
			isa = PBXCopyFilesBuildPhase;
			buildActionMask = 2147483647;
			dstPath = "";
			dstSubfolderSpec = 13;
			files = (
				01B8068B2752804ACE469A69 /* FetchDishShareExtension.appex in Embed Foundation Extensions */,
			);
			name = "Embed Foundation Extensions";
			runOnlyForDeploymentPostprocessing = 0;
		};
/* End PBXCopyFilesBuildPhase section */

/* Begin PBXFileReference section */
		01E3831DD96C4AD5355E5426 /* ProfileView.swift */ = {isa = PBXFileReference; lastKnownFileType = sourcecode.swift; path = ProfileView.swift; sourceTree = "<group>"; };
		028B5A80E162A9CE2FF7FCCD /* ExportImportService.swift */ = {isa = PBXFileReference; lastKnownFileType = sourcecode.swift; path = ExportImportService.swift; sourceTree = "<group>"; };
		0A7955B8526242E3AE7D02CF /* IngredientWeightDatabase.swift */ = {isa = PBXFileReference; lastKnownFileType = sourcecode.swift; path = IngredientWeightDatabase.swift; sourceTree = "<group>"; };
		0D1D5B958737B405E831EBCE /* FetchDishShareExtension.entitlements */ = {isa = PBXFileReference; lastKnownFileType = text.plist.entitlements; path = FetchDishShareExtension.entitlements; sourceTree = "<group>"; };
		0E11C5741331DD10D7D05068 /* ShelfRowView.swift */ = {isa = PBXFileReference; lastKnownFileType = sourcecode.swift; path = ShelfRowView.swift; sourceTree = "<group>"; };
		0FD6511FB0316C54AF262DA4 /* IngredientParser.swift */ = {isa = PBXFileReference; lastKnownFileType = sourcecode.swift; path = IngredientParser.swift; sourceTree = "<group>"; };
		10A4920008148DF85EB7A301 /* Recipe.swift */ = {isa = PBXFileReference; lastKnownFileType = sourcecode.swift; path = Recipe.swift; sourceTree = "<group>"; };
		115C5222A92DEE30FE1B781F /* FetchDish.entitlements */ = {isa = PBXFileReference; lastKnownFileType = text.plist.entitlements; path = FetchDish.entitlements; sourceTree = "<group>"; };
		11D7F0080EEB38467CA243FC /* ShareViewController.swift */ = {isa = PBXFileReference; lastKnownFileType = sourcecode.swift; path = ShareViewController.swift; sourceTree = "<group>"; };
		15B33EF1EDFE15119696AD50 /* update.sample */ = {isa = PBXFileReference; path = update.sample; sourceTree = "<group>"; };
		17E28CC9DE578B583D347492 /* c7efaa6b128fdf36a2d190e2f7d40f0bbe5e9c */ = {isa = PBXFileReference; path = c7efaa6b128fdf36a2d190e2f7d40f0bbe5e9c; sourceTree = "<group>"; };
		1D7F3F6E738BA02ABB86AA0B /* RecipeParser.swift */ = {isa = PBXFileReference; lastKnownFileType = sourcecode.swift; path = RecipeParser.swift; sourceTree = "<group>"; };
		1DCC771ECEA02AA6D7266ED4 /* config */ = {isa = PBXFileReference; path = config; sourceTree = "<group>"; };
		1FF72A144A96D9297740C5BA /* index */ = {isa = PBXFileReference; path = index; sourceTree = "<group>"; };
		27D42FF980798ECBD7B85B0F /* ManualRecipeEntryView.swift */ = {isa = PBXFileReference; lastKnownFileType = sourcecode.swift; path = ManualRecipeEntryView.swift; sourceTree = "<group>"; };
		27DED8E669B3986D0075E4C2 /* applypatch-msg.sample */ = {isa = PBXFileReference; path = "applypatch-msg.sample"; sourceTree = "<group>"; };
		2ADB7241C5873A8F01693176 /* HEAD */ = {isa = PBXFileReference; path = HEAD; sourceTree = "<group>"; };
		33884AFE02018CB1E1233310 /* .gitattributes */ = {isa = PBXFileReference; path = .gitattributes; sourceTree = "<group>"; };
		3944969A0D8D20C2F71D2174 /* ShoppingListView.swift */ = {isa = PBXFileReference; lastKnownFileType = sourcecode.swift; path = ShoppingListView.swift; sourceTree = "<group>"; };
		44611CF1772E0F42F2AD2388 /* HEAD */ = {isa = PBXFileReference; path = HEAD; sourceTree = "<group>"; };
		4499216E67E7F8D63CFF614D /* FetchDishApp.swift */ = {isa = PBXFileReference; lastKnownFileType = sourcecode.swift; path = FetchDishApp.swift; sourceTree = "<group>"; };
		4B22849134530CBC7E42AE7B /* ShoppingListViewModel.swift */ = {isa = PBXFileReference; lastKnownFileType = sourcecode.swift; path = ShoppingListViewModel.swift; sourceTree = "<group>"; };
		4B5C2B1938D2BC359251F76E /* pre-push.sample */ = {isa = PBXFileReference; path = "pre-push.sample"; sourceTree = "<group>"; };
		4C707457362946215B8CF0D2 /* fsmonitor-watchman.sample */ = {isa = PBXFileReference; path = "fsmonitor-watchman.sample"; sourceTree = "<group>"; };
		4F24CDC6D01A8532D267D1D1 /* FETCH_HEAD */ = {isa = PBXFileReference; path = FETCH_HEAD; sourceTree = "<group>"; };
		5220406B720B93D678BCEF73 /* RecipeDetailView.swift */ = {isa = PBXFileReference; lastKnownFileType = sourcecode.swift; path = RecipeDetailView.swift; sourceTree = "<group>"; };
		54D22C159A02DC70DA16DA05 /* pre-receive.sample */ = {isa = PBXFileReference; path = "pre-receive.sample"; sourceTree = "<group>"; };
		5CC3D3DF3425F590659D06D1 /* SettingsView.swift */ = {isa = PBXFileReference; lastKnownFileType = sourcecode.swift; path = SettingsView.swift; sourceTree = "<group>"; };
		60B1FA9D2079A72CA26C57A0 /* 9509c88bed7080d496fc5e1d87a9315e30549d */ = {isa = PBXFileReference; path = 9509c88bed7080d496fc5e1d87a9315e30549d; sourceTree = "<group>"; };
		64066B4F26FC0A5D0D0B49EC /* sendemail-validate.sample */ = {isa = PBXFileReference; path = "sendemail-validate.sample"; sourceTree = "<group>"; };
		6A16E1442B4D33F3FEA1D0EF /* pre-merge-commit.sample */ = {isa = PBXFileReference; path = "pre-merge-commit.sample"; sourceTree = "<group>"; };
		6CBEF0CBB236F277CEF30E9F /* pre-applypatch.sample */ = {isa = PBXFileReference; path = "pre-applypatch.sample"; sourceTree = "<group>"; };
		72FDD33FF414EAAC0A989060 /* post-update.sample */ = {isa = PBXFileReference; path = "post-update.sample"; sourceTree = "<group>"; };
		73FF75837785C797F205E147 /* ToastView.swift */ = {isa = PBXFileReference; lastKnownFileType = sourcecode.swift; path = ToastView.swift; sourceTree = "<group>"; };
		7482D1BD3B006F6C155DD731 /* HEAD */ = {isa = PBXFileReference; path = HEAD; sourceTree = "<group>"; };
		74D8608373D808C3858D72D1 /* HapticManager.swift */ = {isa = PBXFileReference; lastKnownFileType = sourcecode.swift; path = HapticManager.swift; sourceTree = "<group>"; };
		765ECDD9A6D0DBC1D39A4EDD /* UserAllergen.swift */ = {isa = PBXFileReference; lastKnownFileType = sourcecode.swift; path = UserAllergen.swift; sourceTree = "<group>"; };
		775A18A77339599039637880 /* RecipeImportViewModel.swift */ = {isa = PBXFileReference; lastKnownFileType = sourcecode.swift; path = RecipeImportViewModel.swift; sourceTree = "<group>"; };
		77C07D885F0F16C9AD86A00E /* SplashView.swift */ = {isa = PBXFileReference; lastKnownFileType = sourcecode.swift; path = SplashView.swift; sourceTree = "<group>"; };
		82599634B2A750956A652CFD /* ShareView.swift */ = {isa = PBXFileReference; lastKnownFileType = sourcecode.swift; path = ShareView.swift; sourceTree = "<group>"; };
		82811AEE9C748BDB3FFEA7C7 /* e0770424b2a19faf507a501ebfc23be8f54e7b */ = {isa = PBXFileReference; path = e0770424b2a19faf507a501ebfc23be8f54e7b; sourceTree = "<group>"; };
		86E40CC8D498B29008CF077D /* ImportView.swift */ = {isa = PBXFileReference; lastKnownFileType = sourcecode.swift; path = ImportView.swift; sourceTree = "<group>"; };
		89FCDCCBEB1A2E498C44A2B8 /* UserDietaryPreference.swift */ = {isa = PBXFileReference; lastKnownFileType = sourcecode.swift; path = UserDietaryPreference.swift; sourceTree = "<group>"; };
		914EE52A1364D6929F279EB7 /* RecipeMetadata.swift */ = {isa = PBXFileReference; lastKnownFileType = sourcecode.swift; path = RecipeMetadata.swift; sourceTree = "<group>"; };
		91A029748017431EE636F73E /* HEAD */ = {isa = PBXFileReference; path = HEAD; sourceTree = "<group>"; };
		93E4A715F7BF5A0139A31760 /* Preview Assets.xcassets */ = {isa = PBXFileReference; lastKnownFileType = folder.assetcatalog; path = "Preview Assets.xcassets"; sourceTree = "<group>"; };
		9A09A3AD3C45BCFE3BB62F94 /* exclude */ = {isa = PBXFileReference; path = exclude; sourceTree = "<group>"; };
		A2DE96A54AE14ECAB56DD05A /* FetchDish.app */ = {isa = PBXFileReference; includeInIndex = 0; lastKnownFileType = wrapper.application; path = FetchDish.app; sourceTree = BUILT_PRODUCTS_DIR; };
		A30F5BE42B5B6F1F214C875E /* RecipePreviewSheet.swift */ = {isa = PBXFileReference; lastKnownFileType = sourcecode.swift; path = RecipePreviewSheet.swift; sourceTree = "<group>"; };
		A69C2A7214D3ABE1DE332050 /* push-to-checkout.sample */ = {isa = PBXFileReference; path = "push-to-checkout.sample"; sourceTree = "<group>"; };
		AA219F3B4C5D71140DC60E24 /* ProStatus.swift */ = {isa = PBXFileReference; lastKnownFileType = sourcecode.swift; path = ProStatus.swift; sourceTree = "<group>"; };
		AE3C273E20D772C6CA34F4DB /* WhatCanICookView.swift */ = {isa = PBXFileReference; lastKnownFileType = sourcecode.swift; path = WhatCanICookView.swift; sourceTree = "<group>"; };
		AE78BF76CA58E48153BC8C9F /* FavoriteIngredient.swift */ = {isa = PBXFileReference; lastKnownFileType = sourcecode.swift; path = FavoriteIngredient.swift; sourceTree = "<group>"; };
		AE89136CC2CE960D6C2C8EE5 /* Info.plist */ = {isa = PBXFileReference; lastKnownFileType = text.plist; path = Info.plist; sourceTree = "<group>"; };
		AFEB34FCB9C4E84335F85FFC /* ContentView.swift */ = {isa = PBXFileReference; lastKnownFileType = sourcecode.swift; path = ContentView.swift; sourceTree = "<group>"; };
		AFEBA63AF8FD08FA20AA4F57 /* ArrayExtensions.swift */ = {isa = PBXFileReference; lastKnownFileType = sourcecode.swift; path = ArrayExtensions.swift; sourceTree = "<group>"; };
		B189B4CF1871A3048D5DB89B /* SharedModelContainer.swift */ = {isa = PBXFileReference; lastKnownFileType = sourcecode.swift; path = SharedModelContainer.swift; sourceTree = "<group>"; };
		B4214CA7BD069B11608C65BC /* commit-msg.sample */ = {isa = PBXFileReference; path = "commit-msg.sample"; sourceTree = "<group>"; };
		B889AC923FD002B5E60E67FC /* COMMIT_EDITMSG */ = {isa = PBXFileReference; path = COMMIT_EDITMSG; sourceTree = "<group>"; };
		C1E283A96838F35184F180EA /* main */ = {isa = PBXFileReference; path = main; sourceTree = "<group>"; };
		C2837B17B39E629EA168A067 /* main */ = {isa = PBXFileReference; path = main; sourceTree = "<group>"; };
		C8A4E4F84D3A01789797B40A /* main */ = {isa = PBXFileReference; path = main; sourceTree = "<group>"; };
		C9056F67727E8489C3F18D90 /* pre-rebase.sample */ = {isa = PBXFileReference; path = "pre-rebase.sample"; sourceTree = "<group>"; };
		D0C771D6439E8CC0D70DF45E /* RecipeCardView.swift */ = {isa = PBXFileReference; lastKnownFileType = sourcecode.swift; path = RecipeCardView.swift; sourceTree = "<group>"; };
		D81A2E1FCF120960B47FBD22 /* MainMenuView.swift */ = {isa = PBXFileReference; lastKnownFileType = sourcecode.swift; path = MainMenuView.swift; sourceTree = "<group>"; };
		DA7C00FD64715CE4831AC3C8 /* pre-commit.sample */ = {isa = PBXFileReference; path = "pre-commit.sample"; sourceTree = "<group>"; };
		DD3440B9744A64274016753E /* prepare-commit-msg.sample */ = {isa = PBXFileReference; path = "prepare-commit-msg.sample"; sourceTree = "<group>"; };
		E080B7AFE27955EAFB129720 /* IngredientCategorizer.swift */ = {isa = PBXFileReference; lastKnownFileType = sourcecode.swift; path = IngredientCategorizer.swift; sourceTree = "<group>"; };
		E0BC0079802BA5F06C3779B8 /* LibraryView.swift */ = {isa = PBXFileReference; lastKnownFileType = sourcecode.swift; path = LibraryView.swift; sourceTree = "<group>"; };
		E506AB60DA85180C2921E27C /* description */ = {isa = PBXFileReference; path = description; sourceTree = "<group>"; };
		F41F280CDABED29E9F6B49B2 /* Assets.xcassets */ = {isa = PBXFileReference; lastKnownFileType = folder.assetcatalog; path = Assets.xcassets; sourceTree = "<group>"; };
		F8CA860A693AD29C7D5868F5 /* ShoppingListItem.swift */ = {isa = PBXFileReference; lastKnownFileType = sourcecode.swift; path = ShoppingListItem.swift; sourceTree = "<group>"; };
		FF17FB3A8A07385B976D528E /* main */ = {isa = PBXFileReference; path = main; sourceTree = "<group>"; };
		FF9AD4935E73053EA91D0D2D /* FetchDishShareExtension.appex */ = {isa = PBXFileReference; includeInIndex = 0; lastKnownFileType = "wrapper.app-extension"; path = FetchDishShareExtension.appex; sourceTree = BUILT_PRODUCTS_DIR; };
/* End PBXFileReference section */

/* Begin PBXFrameworksBuildPhase section */
		5FDCC35DC528811CB89888D1 /* Frameworks */ = {
			isa = PBXFrameworksBuildPhase;
			buildActionMask = 2147483647;
			files = (
				EF4F6DD6FC524187693FA5CE /* SwiftSoup in Frameworks */,
			);
			runOnlyForDeploymentPostprocessing = 0;
		};
		C3DA71707FA6A5FE3197F633 /* Frameworks */ = {
			isa = PBXFrameworksBuildPhase;
			buildActionMask = 2147483647;
			files = (
				8485EB9BAAACFB0EB71C5DD1 /* SwiftSoup in Frameworks */,
			);
			runOnlyForDeploymentPostprocessing = 0;
		};
/* End PBXFrameworksBuildPhase section */

/* Begin PBXGroup section */
		019BE0060728C75BF37EAC2D /* tags */ = {
			isa = PBXGroup;
			children = (
			);
			path = tags;
			sourceTree = "<group>";
		};
		0CACC7C44ABB19FBEF5D3883 /* heads */ = {
			isa = PBXGroup;
			children = (
				C8A4E4F84D3A01789797B40A /* main */,
			);
			path = heads;
			sourceTree = "<group>";
		};
		0E49FC9015F796F9B01F21B1 = {
			isa = PBXGroup;
			children = (
				AE93F0FEB03E19EC5A7C1A9F /* FetchDish */,
				D597974E53B156150E275B28 /* FetchDishShareExtension */,
				4EC5137DFFFE75C54E7DA290 /* Products */,
			);
			sourceTree = "<group>";
		};
		1B29D8DC655235FC624BE369 /* Models */ = {
			isa = PBXGroup;
			children = (
				AE78BF76CA58E48153BC8C9F /* FavoriteIngredient.swift */,
				10A4920008148DF85EB7A301 /* Recipe.swift */,
				F8CA860A693AD29C7D5868F5 /* ShoppingListItem.swift */,
				765ECDD9A6D0DBC1D39A4EDD /* UserAllergen.swift */,
				89FCDCCBEB1A2E498C44A2B8 /* UserDietaryPreference.swift */,
			);
			path = Models;
			sourceTree = "<group>";
		};
		1C4155205B5BB5DC1D17F2F8 /* .git */ = {
			isa = PBXGroup;
			children = (
				3078058A0319250176A98DB2 /* branches */,
				279629600ED656E81E646191 /* hooks */,
				3462DB0933369B4FB37441C5 /* info */,
				BA59AC65E92C689BF6A4745A /* logs */,
				3392673C5C67EC2C160BAF8A /* objects */,
				A68B8EC3AF623EC6D97C1498 /* refs */,
				B889AC923FD002B5E60E67FC /* COMMIT_EDITMSG */,
				1DCC771ECEA02AA6D7266ED4 /* config */,
				E506AB60DA85180C2921E27C /* description */,
				4F24CDC6D01A8532D267D1D1 /* FETCH_HEAD */,
				7482D1BD3B006F6C155DD731 /* HEAD */,
				1FF72A144A96D9297740C5BA /* index */,
			);
			path = .git;
			sourceTree = "<group>";
		};
		279629600ED656E81E646191 /* hooks */ = {
			isa = PBXGroup;
			children = (
				27DED8E669B3986D0075E4C2 /* applypatch-msg.sample */,
				B4214CA7BD069B11608C65BC /* commit-msg.sample */,
				4C707457362946215B8CF0D2 /* fsmonitor-watchman.sample */,
				72FDD33FF414EAAC0A989060 /* post-update.sample */,
				6CBEF0CBB236F277CEF30E9F /* pre-applypatch.sample */,
				DA7C00FD64715CE4831AC3C8 /* pre-commit.sample */,
				6A16E1442B4D33F3FEA1D0EF /* pre-merge-commit.sample */,
				4B5C2B1938D2BC359251F76E /* pre-push.sample */,
				C9056F67727E8489C3F18D90 /* pre-rebase.sample */,
				54D22C159A02DC70DA16DA05 /* pre-receive.sample */,
				DD3440B9744A64274016753E /* prepare-commit-msg.sample */,
				A69C2A7214D3ABE1DE332050 /* push-to-checkout.sample */,
				64066B4F26FC0A5D0D0B49EC /* sendemail-validate.sample */,
				15B33EF1EDFE15119696AD50 /* update.sample */,
			);
			path = hooks;
			sourceTree = "<group>";
		};
		3078058A0319250176A98DB2 /* branches */ = {
			isa = PBXGroup;
			children = (
			);
			path = branches;
			sourceTree = "<group>";
		};
		331642569A3B71DCCBEFFB59 /* Recipe */ = {
			isa = PBXGroup;
			children = (
				5220406B720B93D678BCEF73 /* RecipeDetailView.swift */,
			);
			path = Recipe;
			sourceTree = "<group>";
		};
		3392673C5C67EC2C160BAF8A /* objects */ = {
			isa = PBXGroup;
			children = (
				E61B6A355B6B6B7521154698 /* 6f */,
				B2FAEDE4F3BD37CBD30EE4DA /* 48 */,
				3CA28DA3193399937DFB0BCF /* df */,
				89DD0A0B55CA60E11B5A9594 /* info */,
				55DA53BFDCDC15108C73FE68 /* pack */,
			);
			path = objects;
			sourceTree = "<group>";
		};
		3462DB0933369B4FB37441C5 /* info */ = {
			isa = PBXGroup;
			children = (
				9A09A3AD3C45BCFE3BB62F94 /* exclude */,
			);
			path = info;
			sourceTree = "<group>";
		};
		3CA28DA3193399937DFB0BCF /* df */ = {
			isa = PBXGroup;
			children = (
				82811AEE9C748BDB3FFEA7C7 /* e0770424b2a19faf507a501ebfc23be8f54e7b */,
			);
			path = df;
			sourceTree = "<group>";
		};
		3F66D724EE10CEE2746C8402 /* origin */ = {
			isa = PBXGroup;
			children = (
				2ADB7241C5873A8F01693176 /* HEAD */,
				C1E283A96838F35184F180EA /* main */,
			);
			path = origin;
			sourceTree = "<group>";
		};
		41615AA9A608EEB22BF9CCF4 /* Library */ = {
			isa = PBXGroup;
			children = (
				E0BC0079802BA5F06C3779B8 /* LibraryView.swift */,
				D0C771D6439E8CC0D70DF45E /* RecipeCardView.swift */,
				0E11C5741331DD10D7D05068 /* ShelfRowView.swift */,
			);
			path = Library;
			sourceTree = "<group>";
		};
		416D08EFE032031B3D3846AC /* origin */ = {
			isa = PBXGroup;
			children = (
				44611CF1772E0F42F2AD2388 /* HEAD */,
				FF17FB3A8A07385B976D528E /* main */,
			);
			path = origin;
			sourceTree = "<group>";
		};
		447085C8D7DD43509CB580B5 /* Settings */ = {
			isa = PBXGroup;
			children = (
				5CC3D3DF3425F590659D06D1 /* SettingsView.swift */,
			);
			path = Settings;
			sourceTree = "<group>";
		};
		451D70312C435CFCB85F3DAD /* Import */ = {
			isa = PBXGroup;
			children = (
				86E40CC8D498B29008CF077D /* ImportView.swift */,
				27D42FF980798ECBD7B85B0F /* ManualRecipeEntryView.swift */,
				A30F5BE42B5B6F1F214C875E /* RecipePreviewSheet.swift */,
			);
			path = Import;
			sourceTree = "<group>";
		};
		4EC5137DFFFE75C54E7DA290 /* Products */ = {
			isa = PBXGroup;
			children = (
				A2DE96A54AE14ECAB56DD05A /* FetchDish.app */,
				FF9AD4935E73053EA91D0D2D /* FetchDishShareExtension.appex */,
			);
			name = Products;
			sourceTree = "<group>";
		};
		55DA53BFDCDC15108C73FE68 /* pack */ = {
			isa = PBXGroup;
			children = (
			);
			path = pack;
			sourceTree = "<group>";
		};
		63F5B875A3C9A7AAB8C2F8B1 /* Services */ = {
			isa = PBXGroup;
			children = (
				028B5A80E162A9CE2FF7FCCD /* ExportImportService.swift */,
				E080B7AFE27955EAFB129720 /* IngredientCategorizer.swift */,
				0FD6511FB0316C54AF262DA4 /* IngredientParser.swift */,
				0A7955B8526242E3AE7D02CF /* IngredientWeightDatabase.swift */,
				1D7F3F6E738BA02ABB86AA0B /* RecipeParser.swift */,
				B189B4CF1871A3048D5DB89B /* SharedModelContainer.swift */,
			);
			path = Services;
			sourceTree = "<group>";
		};
		6B470C4A666784A493242FEB /* remotes */ = {
			isa = PBXGroup;
			children = (
				3F66D724EE10CEE2746C8402 /* origin */,
			);
			path = remotes;
			sourceTree = "<group>";
		};
		6B90AA2050B3C4B7A62A9810 /* Preview Content */ = {
			isa = PBXGroup;
			children = (
				93E4A715F7BF5A0139A31760 /* Preview Assets.xcassets */,
			);
			path = "Preview Content";
			sourceTree = "<group>";
		};
		70C18ABAEC1C92E2BB229217 /* remotes */ = {
			isa = PBXGroup;
			children = (
				416D08EFE032031B3D3846AC /* origin */,
			);
			path = remotes;
			sourceTree = "<group>";
		};
		7D3DF95A8BDAF37A0FC6CBAE /* WhatCanICook */ = {
			isa = PBXGroup;
			children = (
				AE3C273E20D772C6CA34F4DB /* WhatCanICookView.swift */,
			);
			path = WhatCanICook;
			sourceTree = "<group>";
		};
		7DBDB5ACF07F9FD5A2B344CE /* ViewModels */ = {
			isa = PBXGroup;
			children = (
				775A18A77339599039637880 /* RecipeImportViewModel.swift */,
				4B22849134530CBC7E42AE7B /* ShoppingListViewModel.swift */,
			);
			path = ViewModels;
			sourceTree = "<group>";
		};
		89DD0A0B55CA60E11B5A9594 /* info */ = {
			isa = PBXGroup;
			children = (
			);
			path = info;
			sourceTree = "<group>";
		};
		9792860CD479A8BD220FFC52 /* Menu */ = {
			isa = PBXGroup;
			children = (
				D81A2E1FCF120960B47FBD22 /* MainMenuView.swift */,
			);
			path = Menu;
			sourceTree = "<group>";
		};
		A68B8EC3AF623EC6D97C1498 /* refs */ = {
			isa = PBXGroup;
			children = (
				0CACC7C44ABB19FBEF5D3883 /* heads */,
				70C18ABAEC1C92E2BB229217 /* remotes */,
				019BE0060728C75BF37EAC2D /* tags */,
			);
			path = refs;
			sourceTree = "<group>";
		};
		AC7889ACB44A37006816771F /* Views */ = {
			isa = PBXGroup;
			children = (
				BBE65F00AF3E4EAC4FE12707 /* Components */,
				451D70312C435CFCB85F3DAD /* Import */,
				41615AA9A608EEB22BF9CCF4 /* Library */,
				BB027257D8E2958E9FBE465B /* Mac */,
				9792860CD479A8BD220FFC52 /* Menu */,
				D08E58168F746F54FE01895B /* Profile */,
				331642569A3B71DCCBEFFB59 /* Recipe */,
				447085C8D7DD43509CB580B5 /* Settings */,
				BF301F5D4B2C0FA00128E6D2 /* Shopping */,
				EAC2991328132B8D2ACA54C6 /* Splash */,
				7D3DF95A8BDAF37A0FC6CBAE /* WhatCanICook */,
			);
			path = Views;
			sourceTree = "<group>";
		};
		AE93F0FEB03E19EC5A7C1A9F /* FetchDish */ = {
			isa = PBXGroup;
			children = (
				B528239FD5E9EDFC7E81FE28 /* FetchDish */,
				1B29D8DC655235FC624BE369 /* Models */,
				6B90AA2050B3C4B7A62A9810 /* Preview Content */,
				63F5B875A3C9A7AAB8C2F8B1 /* Services */,
				CCEC570CD888118C361E2596 /* Utils */,
				7DBDB5ACF07F9FD5A2B344CE /* ViewModels */,
				AC7889ACB44A37006816771F /* Views */,
				F41F280CDABED29E9F6B49B2 /* Assets.xcassets */,
				AFEB34FCB9C4E84335F85FFC /* ContentView.swift */,
				115C5222A92DEE30FE1B781F /* FetchDish.entitlements */,
				4499216E67E7F8D63CFF614D /* FetchDishApp.swift */,
			);
			path = FetchDish;
			sourceTree = "<group>";
		};
		B2FAEDE4F3BD37CBD30EE4DA /* 48 */ = {
			isa = PBXGroup;
			children = (
				17E28CC9DE578B583D347492 /* c7efaa6b128fdf36a2d190e2f7d40f0bbe5e9c */,
			);
			path = 48;
			sourceTree = "<group>";
		};
		B528239FD5E9EDFC7E81FE28 /* FetchDish */ = {
			isa = PBXGroup;
			children = (
				1C4155205B5BB5DC1D17F2F8 /* .git */,
				33884AFE02018CB1E1233310 /* .gitattributes */,
			);
			path = FetchDish;
			sourceTree = "<group>";
		};
		BA59AC65E92C689BF6A4745A /* logs */ = {
			isa = PBXGroup;
			children = (
				F50DD2C0B3E4DAE3C845865E /* refs */,
				91A029748017431EE636F73E /* HEAD */,
			);
			path = logs;
			sourceTree = "<group>";
		};
		BB027257D8E2958E9FBE465B /* Mac */ = {
			isa = PBXGroup;
			children = (
			);
			path = Mac;
			sourceTree = "<group>";
		};
		BBE65F00AF3E4EAC4FE12707 /* Components */ = {
			isa = PBXGroup;
			children = (
				73FF75837785C797F205E147 /* ToastView.swift */,
			);
			path = Components;
			sourceTree = "<group>";
		};
		BF301F5D4B2C0FA00128E6D2 /* Shopping */ = {
			isa = PBXGroup;
			children = (
				3944969A0D8D20C2F71D2174 /* ShoppingListView.swift */,
			);
			path = Shopping;
			sourceTree = "<group>";
		};
		CCEC570CD888118C361E2596 /* Utils */ = {
			isa = PBXGroup;
			children = (
				AFEBA63AF8FD08FA20AA4F57 /* ArrayExtensions.swift */,
				74D8608373D808C3858D72D1 /* HapticManager.swift */,
				AA219F3B4C5D71140DC60E24 /* ProStatus.swift */,
				914EE52A1364D6929F279EB7 /* RecipeMetadata.swift */,
			);
			path = Utils;
			sourceTree = "<group>";
		};
		D08E58168F746F54FE01895B /* Profile */ = {
			isa = PBXGroup;
			children = (
				01E3831DD96C4AD5355E5426 /* ProfileView.swift */,
			);
			path = Profile;
			sourceTree = "<group>";
		};
		D597974E53B156150E275B28 /* FetchDishShareExtension */ = {
			isa = PBXGroup;
			children = (
				0D1D5B958737B405E831EBCE /* FetchDishShareExtension.entitlements */,
				AE89136CC2CE960D6C2C8EE5 /* Info.plist */,
				82599634B2A750956A652CFD /* ShareView.swift */,
				11D7F0080EEB38467CA243FC /* ShareViewController.swift */,
			);
			path = FetchDishShareExtension;
			sourceTree = "<group>";
		};
		DFF09AF54E0132A89D881784 /* heads */ = {
			isa = PBXGroup;
			children = (
				C2837B17B39E629EA168A067 /* main */,
			);
			path = heads;
			sourceTree = "<group>";
		};
		E61B6A355B6B6B7521154698 /* 6f */ = {
			isa = PBXGroup;
			children = (
				60B1FA9D2079A72CA26C57A0 /* 9509c88bed7080d496fc5e1d87a9315e30549d */,
			);
			path = 6f;
			sourceTree = "<group>";
		};
		EAC2991328132B8D2ACA54C6 /* Splash */ = {
			isa = PBXGroup;
			children = (
				77C07D885F0F16C9AD86A00E /* SplashView.swift */,
			);
			path = Splash;
			sourceTree = "<group>";
		};
		F50DD2C0B3E4DAE3C845865E /* refs */ = {
			isa = PBXGroup;
			children = (
				DFF09AF54E0132A89D881784 /* heads */,
				6B470C4A666784A493242FEB /* remotes */,
			);
			path = refs;
			sourceTree = "<group>";
		};
/* End PBXGroup section */

/* Begin PBXNativeTarget section */
		9B0FE5D13FF97EF1BD13BF56 /* FetchDish */ = {
			isa = PBXNativeTarget;
			buildConfigurationList = F2C77CFEA343008BBDD8EC0B /* Build configuration list for PBXNativeTarget "FetchDish" */;
			buildPhases = (
				25EAB581733E9A4316CC0890 /* Sources */,
				A366BC6F73984043CE0CD071 /* Resources */,
				C3DA71707FA6A5FE3197F633 /* Frameworks */,
				F74C1B835190D4F60F684130 /* Embed Foundation Extensions */,
			);
			buildRules = (
			);
			dependencies = (
				F5E8AD07D79CD4D191A79770 /* PBXTargetDependency */,
			);
			name = FetchDish;
			packageProductDependencies = (
				510AC126FD903D30EA073192 /* SwiftSoup */,
			);
			productName = FetchDish;
			productReference = A2DE96A54AE14ECAB56DD05A /* FetchDish.app */;
			productType = "com.apple.product-type.application";
		};
		E694CD4BB4616F3D1F78D976 /* FetchDishShareExtension */ = {
			isa = PBXNativeTarget;
			buildConfigurationList = 3C58496F6474C049B4DE2FCC /* Build configuration list for PBXNativeTarget "FetchDishShareExtension" */;
			buildPhases = (
				E58A9BEAA20A3F1D25567A61 /* Sources */,
				5FDCC35DC528811CB89888D1 /* Frameworks */,
			);
			buildRules = (
			);
			dependencies = (
			);
			name = FetchDishShareExtension;
			packageProductDependencies = (
				EC7979E261D76F7AC781ABDD /* SwiftSoup */,
			);
			productName = FetchDishShareExtension;
			productReference = FF9AD4935E73053EA91D0D2D /* FetchDishShareExtension.appex */;
			productType = "com.apple.product-type.app-extension";
		};
/* End PBXNativeTarget section */

/* Begin PBXProject section */
		996964A9617D77660ACBD398 /* Project object */ = {
			isa = PBXProject;
			attributes = {
				BuildIndependentTargetsInParallel = YES;
				LastUpgradeCheck = 1500;
				TargetAttributes = {
					9B0FE5D13FF97EF1BD13BF56 = {
						DevelopmentTeam = VPM9NGP3JW;
						ProvisioningStyle = Automatic;
					};
					E694CD4BB4616F3D1F78D976 = {
						DevelopmentTeam = VPM9NGP3JW;
						ProvisioningStyle = Automatic;
					};
				};
			};
			buildConfigurationList = 1B62602B365BFFF04E26B8DD /* Build configuration list for PBXProject "FetchDish" */;
			compatibilityVersion = "Xcode 14.0";
			developmentRegion = en;
			hasScannedForEncodings = 0;
			knownRegions = (
				Base,
				en,
			);
			mainGroup = 0E49FC9015F796F9B01F21B1;
			minimizedProjectReferenceProxies = 1;
			packageReferences = (
				F54A117503B5EEAE42568817 /* XCRemoteSwiftPackageReference "SwiftSoup" */,
			);
			preferredProjectObjectVersion = 77;
			projectDirPath = "";
			projectRoot = "";
			targets = (
				9B0FE5D13FF97EF1BD13BF56 /* FetchDish */,
				E694CD4BB4616F3D1F78D976 /* FetchDishShareExtension */,
			);
		};
/* End PBXProject section */

/* Begin PBXResourcesBuildPhase section */
		A366BC6F73984043CE0CD071 /* Resources */ = {
			isa = PBXResourcesBuildPhase;
			buildActionMask = 2147483647;
			files = (
				0546D76B6A3BBD77F15F7F32 /* Assets.xcassets in Resources */,
				02820FDD974D4DD845A8B27C /* Preview Assets.xcassets in Resources */,
				7F0A4E538BF73711A361EB9B /* applypatch-msg.sample in Resources */,
				64508090E3574E269932B128 /* commit-msg.sample in Resources */,
				D9C0343F0F4F1BF07B7DFB6F /* fsmonitor-watchman.sample in Resources */,
				3C9CF89D62386FB63A13B7F4 /* post-update.sample in Resources */,
				3B05D48E7271BF88173DB151 /* pre-applypatch.sample in Resources */,
				2491F1D26A9A7EE8FCF686A4 /* pre-commit.sample in Resources */,
				EE4F25F785B6C6933176A6F1 /* pre-merge-commit.sample in Resources */,
				09230D095F803F60F8D03992 /* pre-push.sample in Resources */,
				D0EE8B60A42D2638722A1DCB /* pre-rebase.sample in Resources */,
				BCE657212C23AAA9B9A50F2F /* pre-receive.sample in Resources */,
				43CFD2EF98E125A9C1B915E9 /* prepare-commit-msg.sample in Resources */,
				68D8F63D5C8E5DB9BCDAFAA3 /* push-to-checkout.sample in Resources */,
				C5A24E92946D59436978CEE5 /* sendemail-validate.sample in Resources */,
				B3DA795C5D9EB46E304CAD6A /* update.sample in Resources */,
			);
			runOnlyForDeploymentPostprocessing = 0;
		};
/* End PBXResourcesBuildPhase section */

/* Begin PBXSourcesBuildPhase section */
		25EAB581733E9A4316CC0890 /* Sources */ = {
			isa = PBXSourcesBuildPhase;
			buildActionMask = 2147483647;
			files = (
				31C43D7887460AE43088AEFD /* ArrayExtensions.swift in Sources */,
				43E9EE9455A16618A2B08129 /* ContentView.swift in Sources */,
				666D48AD5A074EC6F698DEB6 /* ExportImportService.swift in Sources */,
				76BCF776ABCEEE7007961AC4 /* FavoriteIngredient.swift in Sources */,
				D09B5F727718AD8CCBCEB2FD /* FetchDishApp.swift in Sources */,
				B6DEFC9C31FEE17744650255 /* HapticManager.swift in Sources */,
				EEBEA275FA4D77E2191E7B10 /* ImportView.swift in Sources */,
				24C5322E40DAEFA272C8F11A /* IngredientCategorizer.swift in Sources */,
				8B74EC9FDAE34CBAAF17A2BD /* IngredientParser.swift in Sources */,
				11F9A69B9120645097927AC8 /* IngredientWeightDatabase.swift in Sources */,
				F5A3BD97C7DCDF1FD873D18C /* LibraryView.swift in Sources */,
				636FE3564312CFC4716B2DF2 /* MainMenuView.swift in Sources */,
				0DDF7DBBE42540234A276A93 /* ManualRecipeEntryView.swift in Sources */,
				5267A402AE0BC108F63A6537 /* ProStatus.swift in Sources */,
				6361F07AE9456E485D425C3C /* ProfileView.swift in Sources */,
				1CB91DA22FD620C603B97826 /* Recipe.swift in Sources */,
				0F166549BD62A2DC80C6942C /* RecipeCardView.swift in Sources */,
				CF922ECFD9F544D770552E9C /* RecipeDetailView.swift in Sources */,
				44E5898248C115224AA43797 /* RecipeImportViewModel.swift in Sources */,
				33AF77B8F82764948532A58B /* RecipeMetadata.swift in Sources */,
				914CE48B088237AFF38E601A /* RecipeParser.swift in Sources */,
				B42092DE34E7602CB740C177 /* RecipePreviewSheet.swift in Sources */,
				BCEF3D7911159935E6596DE4 /* SettingsView.swift in Sources */,
				B70077416273EDD1ED4731EB /* SharedModelContainer.swift in Sources */,
				38FF54145F92AC3CE3E087D7 /* ShelfRowView.swift in Sources */,
				7A1A54DD95C71C3BE12D0A04 /* ShoppingListItem.swift in Sources */,
				1C0578784A7864ADFCD2B11B /* ShoppingListView.swift in Sources */,
				877C56BAA1AE512CAD066FB1 /* ShoppingListViewModel.swift in Sources */,
				0CC5CF52B03F9C69661BE0CC /* SplashView.swift in Sources */,
				B85C1483DFE9132115C673CD /* ToastView.swift in Sources */,
				6C71670A4C3D119AB3EAB6E6 /* UserAllergen.swift in Sources */,
				D8914C2674A3AEE993611400 /* UserDietaryPreference.swift in Sources */,
				9CC36DAAD224070132004AAD /* WhatCanICookView.swift in Sources */,
			);
			runOnlyForDeploymentPostprocessing = 0;
		};
		E58A9BEAA20A3F1D25567A61 /* Sources */ = {
			isa = PBXSourcesBuildPhase;
			buildActionMask = 2147483647;
			files = (
				5D6FCD30E4D7DD9AC4A2B60E /* FavoriteIngredient.swift in Sources */,
				C90AF1A436DE15C15C3BE639 /* IngredientParser.swift in Sources */,
				948DF58C74F53AD3FDB690DC /* Recipe.swift in Sources */,
				210426F2DF7C59F6D6495080 /* RecipeParser.swift in Sources */,
				2EEB2ED874E1462152A424C5 /* ShareView.swift in Sources */,
				C84E309E0784A5E7FC800490 /* ShareViewController.swift in Sources */,
				A0E42831B89D759ECDB599EA /* SharedModelContainer.swift in Sources */,
				DF9784A4958079A7ADF2996E /* ShoppingListItem.swift in Sources */,
				BCFF4519F481964590E1D773 /* UserAllergen.swift in Sources */,
				E28D6FE8BED55AEC9DA119E5 /* UserDietaryPreference.swift in Sources */,
			);
			runOnlyForDeploymentPostprocessing = 0;
		};
/* End PBXSourcesBuildPhase section */

/* Begin PBXTargetDependency section */
		F5E8AD07D79CD4D191A79770 /* PBXTargetDependency */ = {
			isa = PBXTargetDependency;
			platformFilters = (
				ios,
			);
			target = E694CD4BB4616F3D1F78D976 /* FetchDishShareExtension */;
			targetProxy = AF72D24191554160F67C329C /* PBXContainerItemProxy */;
		};
/* End PBXTargetDependency section */

/* Begin XCBuildConfiguration section */
		2469DD49EB8B47747F3C8EE9 /* Release */ = {
			isa = XCBuildConfiguration;
			buildSettings = {
				CODE_SIGN_ENTITLEMENTS = FetchDishShareExtension/FetchDishShareExtension.entitlements;
				CODE_SIGN_STYLE = Automatic;
				CURRENT_PROJECT_VERSION = 1;
				DEVELOPMENT_TEAM = VPM9NGP3JW;
				GENERATE_INFOPLIST_FILE = NO;
				INFOPLIST_FILE = FetchDishShareExtension/Info.plist;
				LD_RUNPATH_SEARCH_PATHS = (
					"$(inherited)",
					"@executable_path/Frameworks",
					"@executable_path/../../Frameworks",
				);
				MARKETING_VERSION = 1.0.0;
				PRODUCT_BUNDLE_IDENTIFIER = com.paczka.fetchdish.app.ShareExtension;
				SDKROOT = auto;
				SUPPORTED_PLATFORMS = "iphoneos iphonesimulator";
				SUPPORTS_MACCATALYST = NO;
				SUPPORTS_MAC_DESIGNED_FOR_IPHONE_IPAD = YES;
				SUPPORTS_XR_DESIGNED_FOR_IPHONE_IPAD = YES;
				SWIFT_VERSION = 5.9;
				TARGETED_DEVICE_FAMILY = "1,2";
			};
			name = Release;
		};
		3382222B580F6B523F27905F /* Release */ = {
			isa = XCBuildConfiguration;
			buildSettings = {
				ALWAYS_SEARCH_USER_PATHS = NO;
				CLANG_ANALYZER_NONNULL = YES;
				CLANG_ANALYZER_NUMBER_OBJECT_CONVERSION = YES_AGGRESSIVE;
				CLANG_CXX_LANGUAGE_STANDARD = "gnu++14";
				CLANG_CXX_LIBRARY = "libc++";
				CLANG_ENABLE_MODULES = YES;
				CLANG_ENABLE_OBJC_ARC = YES;
				CLANG_ENABLE_OBJC_WEAK = YES;
				CLANG_WARN_BLOCK_CAPTURE_AUTORELEASING = YES;
				CLANG_WARN_BOOL_CONVERSION = YES;
				CLANG_WARN_COMMA = YES;
				CLANG_WARN_CONSTANT_CONVERSION = YES;
				CLANG_WARN_DEPRECATED_OBJC_IMPLEMENTATIONS = YES;
				CLANG_WARN_DIRECT_OBJC_ISA_USAGE = YES_ERROR;
				CLANG_WARN_DOCUMENTATION_COMMENTS = YES;
				CLANG_WARN_EMPTY_BODY = YES;
				CLANG_WARN_ENUM_CONVERSION = YES;
				CLANG_WARN_INFINITE_RECURSION = YES;
				CLANG_WARN_INT_CONVERSION = YES;
				CLANG_WARN_NON_LITERAL_NULL_CONVERSION = YES;
				CLANG_WARN_OBJC_IMPLICIT_RETAIN_SELF = YES;
				CLANG_WARN_OBJC_LITERAL_CONVERSION = YES;
				CLANG_WARN_OBJC_ROOT_CLASS = YES_ERROR;
				CLANG_WARN_QUOTED_INCLUDE_IN_FRAMEWORK_HEADER = YES;
				CLANG_WARN_RANGE_LOOP_ANALYSIS = YES;
				CLANG_WARN_STRICT_PROTOTYPES = YES;
				CLANG_WARN_SUSPICIOUS_MOVE = YES;
				CLANG_WARN_UNGUARDED_AVAILABILITY = YES_AGGRESSIVE;
				CLANG_WARN_UNREACHABLE_CODE = YES;
				CLANG_WARN__DUPLICATE_METHOD_MATCH = YES;
				COPY_PHASE_STRIP = NO;
				DEBUG_INFORMATION_FORMAT = "dwarf-with-dsym";
				ENABLE_NS_ASSERTIONS = NO;
				ENABLE_STRICT_OBJC_MSGSEND = YES;
				GCC_C_LANGUAGE_STANDARD = gnu11;
				GCC_NO_COMMON_BLOCKS = YES;
				GCC_WARN_64_TO_32_BIT_CONVERSION = YES;
				GCC_WARN_ABOUT_RETURN_TYPE = YES_ERROR;
				GCC_WARN_UNDECLARED_SELECTOR = YES;
				GCC_WARN_UNINITIALIZED_AUTOS = YES_AGGRESSIVE;
				GCC_WARN_UNUSED_FUNCTION = YES;
				GCC_WARN_UNUSED_VARIABLE = YES;
				IPHONEOS_DEPLOYMENT_TARGET = 17.0;
				MACOSX_DEPLOYMENT_TARGET = 14.0;
				MTL_ENABLE_DEBUG_INFO = NO;
				MTL_FAST_MATH = YES;
				PRODUCT_NAME = "$(TARGET_NAME)";
				SDKROOT = auto;
				SWIFT_COMPILATION_MODE = wholemodule;
				SWIFT_OPTIMIZATION_LEVEL = "-O";
				SWIFT_VERSION = 5.0;
			};
			name = Release;
		};
		392BB05E02E40160C50C94F3 /* Release */ = {
			isa = XCBuildConfiguration;
			buildSettings = {
				ASSETCATALOG_COMPILER_APPICON_NAME = AppIcon;
				CODE_SIGN_ENTITLEMENTS = FetchDish/FetchDish.entitlements;
				CODE_SIGN_IDENTITY = "iPhone Developer";
				CODE_SIGN_STYLE = Automatic;
				CURRENT_PROJECT_VERSION = 1;
				DEVELOPMENT_TEAM = VPM9NGP3JW;
				ENABLE_PREVIEWS = YES;
				GENERATE_INFOPLIST_FILE = YES;
				INFOPLIST_KEY_CFBundleDisplayName = FetchDish;
				INFOPLIST_KEY_UIApplicationSceneManifest_Generation = YES;
				INFOPLIST_KEY_UIApplicationSupportsIndirectInputEvents = YES;
				INFOPLIST_KEY_UILaunchScreen_Generation = YES;
				INFOPLIST_KEY_UISupportedInterfaceOrientations_iPad = "UIInterfaceOrientationPortrait UIInterfaceOrientationPortraitUpsideDown UIInterfaceOrientationLandscapeLeft UIInterfaceOrientationLandscapeRight";
				INFOPLIST_KEY_UISupportedInterfaceOrientations_iPhone = "UIInterfaceOrientationPortrait UIInterfaceOrientationLandscapeLeft UIInterfaceOrientationLandscapeRight";
				LD_RUNPATH_SEARCH_PATHS = (
					"$(inherited)",
					"@executable_path/Frameworks",
				);
				MARKETING_VERSION = 1.0.0;
				PRODUCT_BUNDLE_IDENTIFIER = com.paczka.fetchdish.app;
				SDKROOT = auto;
				SUPPORTED_PLATFORMS = "iphoneos iphonesimulator macosx";
				SUPPORTS_MACCATALYST = NO;
				SUPPORTS_MAC_DESIGNED_FOR_IPHONE_IPAD = NO;
				SUPPORTS_XR_DESIGNED_FOR_IPHONE_IPAD = YES;
				SWIFT_VERSION = 5.9;
				TARGETED_DEVICE_FAMILY = "1,2";
			};
			name = Release;
		};
		53DF1FCD71E02FDBBC20EC7F /* Debug */ = {
			isa = XCBuildConfiguration;
			buildSettings = {
				ASSETCATALOG_COMPILER_APPICON_NAME = AppIcon;
				CODE_SIGN_ENTITLEMENTS = FetchDish/FetchDish.entitlements;
				CODE_SIGN_IDENTITY = "iPhone Developer";
				CODE_SIGN_STYLE = Automatic;
				CURRENT_PROJECT_VERSION = 1;
				DEVELOPMENT_TEAM = VPM9NGP3JW;
				ENABLE_PREVIEWS = YES;
				GENERATE_INFOPLIST_FILE = YES;
				INFOPLIST_KEY_CFBundleDisplayName = FetchDish;
				INFOPLIST_KEY_UIApplicationSceneManifest_Generation = YES;
				INFOPLIST_KEY_UIApplicationSupportsIndirectInputEvents = YES;
				INFOPLIST_KEY_UILaunchScreen_Generation = YES;
				INFOPLIST_KEY_UISupportedInterfaceOrientations_iPad = "UIInterfaceOrientationPortrait UIInterfaceOrientationPortraitUpsideDown UIInterfaceOrientationLandscapeLeft UIInterfaceOrientationLandscapeRight";
				INFOPLIST_KEY_UISupportedInterfaceOrientations_iPhone = "UIInterfaceOrientationPortrait UIInterfaceOrientationLandscapeLeft UIInterfaceOrientationLandscapeRight";
				LD_RUNPATH_SEARCH_PATHS = (
					"$(inherited)",
					"@executable_path/Frameworks",
				);
				MARKETING_VERSION = 1.0.0;
				PRODUCT_BUNDLE_IDENTIFIER = com.paczka.fetchdish.app;
				SDKROOT = auto;
				SUPPORTED_PLATFORMS = "iphoneos iphonesimulator macosx";
				SUPPORTS_MACCATALYST = NO;
				SUPPORTS_MAC_DESIGNED_FOR_IPHONE_IPAD = NO;
				SUPPORTS_XR_DESIGNED_FOR_IPHONE_IPAD = YES;
				SWIFT_VERSION = 5.9;
				TARGETED_DEVICE_FAMILY = "1,2";
			};
			name = Debug;
		};
		A79F366DF099B226B0E5AC08 /* Debug */ = {
			isa = XCBuildConfiguration;
			buildSettings = {
				CODE_SIGN_ENTITLEMENTS = FetchDishShareExtension/FetchDishShareExtension.entitlements;
				CODE_SIGN_STYLE = Automatic;
				CURRENT_PROJECT_VERSION = 1;
				DEVELOPMENT_TEAM = VPM9NGP3JW;
				GENERATE_INFOPLIST_FILE = NO;
				INFOPLIST_FILE = FetchDishShareExtension/Info.plist;
				LD_RUNPATH_SEARCH_PATHS = (
					"$(inherited)",
					"@executable_path/Frameworks",
					"@executable_path/../../Frameworks",
				);
				MARKETING_VERSION = 1.0.0;
				PRODUCT_BUNDLE_IDENTIFIER = com.paczka.fetchdish.app.ShareExtension;
				SDKROOT = auto;
				SUPPORTED_PLATFORMS = "iphoneos iphonesimulator";
				SUPPORTS_MACCATALYST = NO;
				SUPPORTS_MAC_DESIGNED_FOR_IPHONE_IPAD = YES;
				SUPPORTS_XR_DESIGNED_FOR_IPHONE_IPAD = YES;
				SWIFT_VERSION = 5.9;
				TARGETED_DEVICE_FAMILY = "1,2";
			};
			name = Debug;
		};
		DD93AA90091C2BA1D6C1AE5A /* Debug */ = {
			isa = XCBuildConfiguration;
			buildSettings = {
				ALWAYS_SEARCH_USER_PATHS = NO;
				CLANG_ANALYZER_NONNULL = YES;
				CLANG_ANALYZER_NUMBER_OBJECT_CONVERSION = YES_AGGRESSIVE;
				CLANG_CXX_LANGUAGE_STANDARD = "gnu++14";
				CLANG_CXX_LIBRARY = "libc++";
				CLANG_ENABLE_MODULES = YES;
				CLANG_ENABLE_OBJC_ARC = YES;
				CLANG_ENABLE_OBJC_WEAK = YES;
				CLANG_WARN_BLOCK_CAPTURE_AUTORELEASING = YES;
				CLANG_WARN_BOOL_CONVERSION = YES;
				CLANG_WARN_COMMA = YES;
				CLANG_WARN_CONSTANT_CONVERSION = YES;
				CLANG_WARN_DEPRECATED_OBJC_IMPLEMENTATIONS = YES;
				CLANG_WARN_DIRECT_OBJC_ISA_USAGE = YES_ERROR;
				CLANG_WARN_DOCUMENTATION_COMMENTS = YES;
				CLANG_WARN_EMPTY_BODY = YES;
				CLANG_WARN_ENUM_CONVERSION = YES;
				CLANG_WARN_INFINITE_RECURSION = YES;
				CLANG_WARN_INT_CONVERSION = YES;
				CLANG_WARN_NON_LITERAL_NULL_CONVERSION = YES;
				CLANG_WARN_OBJC_IMPLICIT_RETAIN_SELF = YES;
				CLANG_WARN_OBJC_LITERAL_CONVERSION = YES;
				CLANG_WARN_OBJC_ROOT_CLASS = YES_ERROR;
				CLANG_WARN_QUOTED_INCLUDE_IN_FRAMEWORK_HEADER = YES;
				CLANG_WARN_RANGE_LOOP_ANALYSIS = YES;
				CLANG_WARN_STRICT_PROTOTYPES = YES;
				CLANG_WARN_SUSPICIOUS_MOVE = YES;
				CLANG_WARN_UNGUARDED_AVAILABILITY = YES_AGGRESSIVE;
				CLANG_WARN_UNREACHABLE_CODE = YES;
				CLANG_WARN__DUPLICATE_METHOD_MATCH = YES;
				COPY_PHASE_STRIP = NO;
				DEBUG_INFORMATION_FORMAT = dwarf;
				ENABLE_STRICT_OBJC_MSGSEND = YES;
				ENABLE_TESTABILITY = YES;
				GCC_C_LANGUAGE_STANDARD = gnu11;
				GCC_DYNAMIC_NO_PIC = NO;
				GCC_NO_COMMON_BLOCKS = YES;
				GCC_OPTIMIZATION_LEVEL = 0;
				GCC_PREPROCESSOR_DEFINITIONS = (
					"$(inherited)",
					"DEBUG=1",
				);
				GCC_WARN_64_TO_32_BIT_CONVERSION = YES;
				GCC_WARN_ABOUT_RETURN_TYPE = YES_ERROR;
				GCC_WARN_UNDECLARED_SELECTOR = YES;
				GCC_WARN_UNINITIALIZED_AUTOS = YES_AGGRESSIVE;
				GCC_WARN_UNUSED_FUNCTION = YES;
				GCC_WARN_UNUSED_VARIABLE = YES;
				IPHONEOS_DEPLOYMENT_TARGET = 17.0;
				MACOSX_DEPLOYMENT_TARGET = 14.0;
				MTL_ENABLE_DEBUG_INFO = INCLUDE_SOURCE;
				MTL_FAST_MATH = YES;
				ONLY_ACTIVE_ARCH = YES;
				PRODUCT_NAME = "$(TARGET_NAME)";
				SDKROOT = auto;
				SWIFT_ACTIVE_COMPILATION_CONDITIONS = DEBUG;
				SWIFT_OPTIMIZATION_LEVEL = "-Onone";
				SWIFT_VERSION = 5.0;
			};
			name = Debug;
		};
/* End XCBuildConfiguration section */

/* Begin XCConfigurationList section */
		1B62602B365BFFF04E26B8DD /* Build configuration list for PBXProject "FetchDish" */ = {
			isa = XCConfigurationList;
			buildConfigurations = (
				DD93AA90091C2BA1D6C1AE5A /* Debug */,
				3382222B580F6B523F27905F /* Release */,
			);
			defaultConfigurationIsVisible = 0;
			defaultConfigurationName = Debug;
		};
		3C58496F6474C049B4DE2FCC /* Build configuration list for PBXNativeTarget "FetchDishShareExtension" */ = {
			isa = XCConfigurationList;
			buildConfigurations = (
				A79F366DF099B226B0E5AC08 /* Debug */,
				2469DD49EB8B47747F3C8EE9 /* Release */,
			);
			defaultConfigurationIsVisible = 0;
			defaultConfigurationName = Debug;
		};
		F2C77CFEA343008BBDD8EC0B /* Build configuration list for PBXNativeTarget "FetchDish" */ = {
			isa = XCConfigurationList;
			buildConfigurations = (
				53DF1FCD71E02FDBBC20EC7F /* Debug */,
				392BB05E02E40160C50C94F3 /* Release */,
			);
			defaultConfigurationIsVisible = 0;
			defaultConfigurationName = Debug;
		};
/* End XCConfigurationList section */

/* Begin XCRemoteSwiftPackageReference section */
		F54A117503B5EEAE42568817 /* XCRemoteSwiftPackageReference "SwiftSoup" */ = {
			isa = XCRemoteSwiftPackageReference;
			repositoryURL = "https://github.com/scinfu/SwiftSoup.git";
			requirement = {
				kind = upToNextMajorVersion;
				minimumVersion = 2.7.0;
			};
		};
/* End XCRemoteSwiftPackageReference section */

/* Begin XCSwiftPackageProductDependency section */
		510AC126FD903D30EA073192 /* SwiftSoup */ = {
			isa = XCSwiftPackageProductDependency;
			package = F54A117503B5EEAE42568817 /* XCRemoteSwiftPackageReference "SwiftSoup" */;
			productName = SwiftSoup;
		};
		EC7979E261D76F7AC781ABDD /* SwiftSoup */ = {
			isa = XCSwiftPackageProductDependency;
			package = F54A117503B5EEAE42568817 /* XCRemoteSwiftPackageReference "SwiftSoup" */;
			productName = SwiftSoup;
		};
/* End XCSwiftPackageProductDependency section */
	};
	rootObject = 996964A9617D77660ACBD398 /* Project object */;
}
